<?xml version="1.0" encoding="utf-8"?>
<Project ToolsVersion="4.0" xmlns="http://schemas.microsoft.com/developer/msbuild/2003">
  <ItemGroup>
    <Filter Include="Custom">
      <UniqueIdentifier>{de6e9f73-e8c6-48b2-a8b6-e4cc259886f8}</UniqueIdentifier>
    </Filter>
    <Filter Include="Machines">
      <UniqueIdentifier>{9f7702e5-63a0-4eb7-bf4a-2466251be5ac}</UniqueIdentifier>
    </Filter>
    <Filter Include="Motors">
      <UniqueIdentifier>{8c57869f-20c4-41ff-a321-d8320b0f837c}</UniqueIdentifier>
    </Filter>
    <Filter Include="Spindles">
      <UniqueIdentifier>{bb5c0c3b-2e43-48a8-ac55-d4be792363b4}</UniqueIdentifier>
    </Filter>
  </ItemGroup>
  <ItemGroup>
    <ClInclude Include="Machines\3axis_xyx.h">
      <Filter>Machines</Filter>
    </ClInclude>
    <ClInclude Include="Machines\4axis_external_driver.h">
      <Filter>Machines</Filter>
    </ClInclude>
    <ClInclude Include="Machines\6_pack_stepstick_v1.h">
      <Filter>Machines</Filter>
    </ClInclude>
    <ClInclude Include="Machines\6_pack_trinamic_V1.h">
      <Filter>Machines</Filter>
    </ClInclude>
    <ClInclude Include="Machines\atari_1020.h">
      <Filter>Machines</Filter>
    </ClInclude>
    <ClInclude Include="Machines\esp32_printer_controller.h">
      <Filter>Machines</Filter>
    </ClInclude>
    <ClInclude Include="Machines\espduino.h">
      <Filter>Machines</Filter>
    </ClInclude>
    <ClInclude Include="Machines\foo_6axis.h">
      <Filter>Machines</Filter>
    </ClInclude>
    <ClInclude Include="Machines\i2s_out_xxyyzz.h">
      <Filter>Machines</Filter>
    </ClInclude>
    <ClInclude Include="Machines\i2s_out_xyzabc.h">
      <Filter>Machines</Filter>
    </ClInclude>
    <ClInclude Include="Machines\i2s_out_xyzabc_trinamic.h">
      <Filter>Machines</Filter>
    </ClInclude>
    <ClInclude Include="Machines\lowrider_v1p2.h">
      <Filter>Machines</Filter>
    </ClInclude>
    <ClInclude Include="Machines\midtbot.h">
      <Filter>Machines</Filter>
    </ClInclude>
    <ClInclude Include="Machines\mpcnc_v1p1.h">
      <Filter>Machines</Filter>
    </ClInclude>
    <ClInclude Include="Machines\mpcnc_v1p2.h">
      <Filter>Machines</Filter>
    </ClInclude>
    <ClInclude Include="Machines\pen_laser.h">
      <Filter>Machines</Filter>
    </ClInclude>
    <ClInclude Include="Machines\polar_coaster.h">
      <Filter>Machines</Filter>
    </ClInclude>
    <ClInclude Include="Machines\spi_daisy_4axis_xyyz.h">
      <Filter>Machines</Filter>
    </ClInclude>
    <ClInclude Include="Machines\spi_daisy_4axis_xyz.h">
      <Filter>Machines</Filter>
    </ClInclude>
    <ClInclude Include="Machines\spi_daisy_4axis_xyza.h">
      <Filter>Machines</Filter>
    </ClInclude>
    <ClInclude Include="Machines\spindle_class_test.h">
      <Filter>Machines</Filter>
    </ClInclude>
    <ClInclude Include="Machines\template.h">
      <Filter>Machines</Filter>
    </ClInclude>
    <ClInclude Include="Machines\test_drive.h">
      <Filter>Machines</Filter>
    </ClInclude>
    <ClInclude Include="Machines\tmc2130_pen.h">
      <Filter>Machines</Filter>
    </ClInclude>
    <ClInclude Include="Machines\3axis_v3.h">
      <Filter>Machines</Filter>
    </ClInclude>
    <ClInclude Include="Machines\3axis_v4.h">
      <Filter>Machines</Filter>
    </ClInclude>
    <ClInclude Include="Motors\RcServoClass.h">
      <Filter>Motors</Filter>
    </ClInclude>
    <ClInclude Include="Motors\TrinamicDriverClass.h">
      <Filter>Motors</Filter>
    </ClInclude>
    <ClInclude Include="Motors\MotorClass.h">
      <Filter>Motors</Filter>
    </ClInclude>
    <ClInclude Include="Spindles\SpindleClass.h">
      <Filter>Spindles</Filter>
    </ClInclude>
    <ClInclude Include="espresponse.h" />
    <ClInclude Include="gcode.h" />
    <ClInclude Include="grbl.h" />
    <ClInclude Include="grbl_eeprom.h" />
    <ClInclude Include="authentication.h" />
    <ClInclude Include="BTconfig.h" />
    <ClInclude Include="commands.h" />
    <ClInclude Include="config.h" />
    <ClInclude Include="coolant_control.h" />
    <ClInclude Include="cpu_map.h" />
    <ClInclude Include="defaults.h" />
    <ClInclude Include="grbl_limits.h" />
    <ClInclude Include="grbl_sd.h" />
    <ClInclude Include="i2s_out.h" />
    <ClInclude Include="inputbuffer.h" />
    <ClInclude Include="jog.h" />
    <ClInclude Include="JSONencoder.h" />
    <ClInclude Include="machine.h" />
    <ClInclude Include="machine_common.h" />
    <ClInclude Include="motion_control.h" />
    <ClInclude Include="nofile.h" />
    <ClInclude Include="notifications_service.h" />
    <ClInclude Include="nuts_bolts.h" />
    <ClInclude Include="Pins.h" />
    <ClInclude Include="planner.h" />
    <ClInclude Include="print.h" />
    <ClInclude Include="probe.h" />
    <ClInclude Include="protocol.h" />
    <ClInclude Include="report.h" />
    <ClInclude Include="serial.h" />
    <ClInclude Include="serial2socket.h" />
    <ClInclude Include="servo_axis.h" />
    <ClInclude Include="settings.h" />
    <ClInclude Include="SettingsClass.h" />
    <ClInclude Include="SettingsDefinitions.h" />
    <ClInclude Include="solenoid_pen.h" />
    <ClInclude Include="stepper.h" />
    <ClInclude Include="system.h" />
    <ClInclude Include="tdef.h" />
    <ClInclude Include="telnet_server.h" />
    <ClInclude Include="web_server.h" />
    <ClInclude Include="WebSettings.h" />
    <ClInclude Include="wificonfig.h" />
    <ClInclude Include="wifiservices.h" />
  </ItemGroup>
  <ItemGroup>
    <ClCompile Include="Motors\StandardStepperClass.cpp">
      <Filter>Motors</Filter>
    </ClCompile>
    <ClCompile Include="Motors\TrinamicDriverClass.cpp">
      <Filter>Motors</Filter>
    </ClCompile>
    <ClCompile Include="Motors\UnipolarMotorClass.cpp">
      <Filter>Motors</Filter>
    </ClCompile>
    <ClCompile Include="Motors\MotorClass.cpp">
      <Filter>Motors</Filter>
    </ClCompile>
    <ClCompile Include="Motors\RcServoClass.cpp">
      <Filter>Motors</Filter>
    </ClCompile>
    <ClCompile Include="Spindles\HuanyangSpindle.cpp">
      <Filter>Spindles</Filter>
    </ClCompile>
    <ClCompile Include="Spindles\Laser.cpp">
      <Filter>Spindles</Filter>
    </ClCompile>
    <ClCompile Include="Spindles\NullSpindle.cpp">
      <Filter>Spindles</Filter>
    </ClCompile>
    <ClCompile Include="Spindles\PWMSpindle.cpp">
      <Filter>Spindles</Filter>
    </ClCompile>
    <ClCompile Include="Spindles\RelaySpindle.cpp">
      <Filter>Spindles</Filter>
    </ClCompile>
    <ClCompile Include="Spindles\SpindleClass.cpp">
      <Filter>Spindles</Filter>
    </ClCompile>
    <ClCompile Include="Spindles\10vSpindle.cpp">
      <Filter>Spindles</Filter>
    </ClCompile>
    <ClCompile Include="Spindles\BESCSpindle.cpp">
      <Filter>Spindles</Filter>
    </ClCompile>
    <ClCompile Include="Spindles\DacSpindle.cpp">
      <Filter>Spindles</Filter>
    </ClCompile>
    <ClCompile Include="gcode.cpp" />
    <ClCompile Include="grbl_eeprom.cpp" />
    <ClCompile Include="authentication.cpp" />
    <ClCompile Include="BTconfig.cpp" />
    <ClCompile Include="commands.cpp" />
    <ClCompile Include="coolant_control.cpp" />
    <ClCompile Include="custom_code.cpp" />
    <ClCompile Include="espresponse.cpp" />
    <ClCompile Include="grbl_sd.cpp" />
    <ClCompile Include="i2s_out.cpp" />
    <ClCompile Include="inputbuffer.cpp" />
    <ClCompile Include="jog.cpp" />
    <ClCompile Include="JSONencoder.cpp" />
    <ClCompile Include="motion_control.cpp" />
    <ClCompile Include="notifications_service.cpp" />
    <ClCompile Include="nuts_bolts.cpp" />
    <ClCompile Include="Pins.cpp" />
    <ClCompile Include="planner.cpp" />
    <ClCompile Include="print.cpp" />
    <ClCompile Include="probe.cpp" />
    <ClCompile Include="ProcessSettings.cpp" />
    <ClCompile Include="protocol.cpp" />
    <ClCompile Include="report.cpp" />
    <ClCompile Include="serial.cpp" />
    <ClCompile Include="serial2socket.cpp" />
    <ClCompile Include="servo_axis.cpp" />
    <ClCompile Include="settings.cpp" />
    <ClCompile Include="SettingsClass.cpp" />
    <ClCompile Include="SettingsDefinitions.cpp" />
    <ClCompile Include="solenoid_pen.cpp" />
    <ClCompile Include="stepper.cpp" />
    <ClCompile Include="system.cpp" />
    <ClCompile Include="telnet_server.cpp" />
    <ClCompile Include="web_server.cpp" />
    <ClCompile Include="WebSettings.cpp" />
    <ClCompile Include="wificonfig.cpp" />
    <ClCompile Include="wifiservices.cpp" />
    <ClCompile Include="grbl_limits.cpp" />
  </ItemGroup>
  <ItemGroup>
    <None Include="Grbl_Esp32.ino" />
  </ItemGroup>
</Project>