<?xml version="1.0" encoding="utf-8"?>
<Project ToolsVersion="4.0" xmlns="http://schemas.microsoft.com/developer/msbuild/2003">
  <ItemGroup>
    <Filter Include="Custom">
      <UniqueIdentifier>{700071a1-a390-45f3-b27e-1da775a5590a}</UniqueIdentifier>
    </Filter>
    <Filter Include="Machines">
      <UniqueIdentifier>{bcc1ca93-1945-4b81-afce-876997d5f778}</UniqueIdentifier>
    </Filter>
    <Filter Include="Motors">
      <UniqueIdentifier>{c4e874c6-1d92-41c4-866b-ae726a86b5fc}</UniqueIdentifier>
    </Filter>
    <Filter Include="Spindles">
      <UniqueIdentifier>{4a692cc9-bb74-4382-b69b-f4b62de79509}</UniqueIdentifier>
    </Filter>
  </ItemGroup>
  <ItemGroup>
    <ClInclude Include="Grbl_Esp32\Machines\i2s_out_xxyyzz.h">
      <Filter>Machines</Filter>
    </ClInclude>
    <ClInclude Include="Grbl_Esp32\Machines\i2s_out_xyzabc.h">
      <Filter>Machines</Filter>
    </ClInclude>
    <ClInclude Include="Grbl_Esp32\Machines\i2s_out_xyzabc_trinamic.h">
      <Filter>Machines</Filter>
    </ClInclude>
    <ClInclude Include="Grbl_Esp32\Machines\lowrider_v1p2.h">
      <Filter>Machines</Filter>
    </ClInclude>
    <ClInclude Include="Grbl_Esp32\Machines\midtbot.h">
      <Filter>Machines</Filter>
    </ClInclude>
    <ClInclude Include="Grbl_Esp32\Machines\mpcnc_v1p1.h">
      <Filter>Machines</Filter>
    </ClInclude>
    <ClInclude Include="Grbl_Esp32\Machines\mpcnc_v1p2.h">
      <Filter>Machines</Filter>
    </ClInclude>
    <ClInclude Include="Grbl_Esp32\Machines\pen_laser.h">
      <Filter>Machines</Filter>
    </ClInclude>
    <ClInclude Include="Grbl_Esp32\Machines\polar_coaster.h">
      <Filter>Machines</Filter>
    </ClInclude>
    <ClInclude Include="Grbl_Esp32\Machines\spi_daisy_4axis_xyyz.h">
      <Filter>Machines</Filter>
    </ClInclude>
    <ClInclude Include="Grbl_Esp32\Machines\spi_daisy_4axis_xyz.h">
      <Filter>Machines</Filter>
    </ClInclude>
    <ClInclude Include="Grbl_Esp32\Machines\spi_daisy_4axis_xyza.h">
      <Filter>Machines</Filter>
    </ClInclude>
    <ClInclude Include="Grbl_Esp32\Machines\spindle_class_test.h">
      <Filter>Machines</Filter>
    </ClInclude>
    <ClInclude Include="Grbl_Esp32\Machines\template.h">
      <Filter>Machines</Filter>
    </ClInclude>
    <ClInclude Include="Grbl_Esp32\Machines\test_drive.h">
      <Filter>Machines</Filter>
    </ClInclude>
    <ClInclude Include="Grbl_Esp32\Machines\tmc2130_pen.h">
      <Filter>Machines</Filter>
    </ClInclude>
    <ClInclude Include="Grbl_Esp32\Machines\3axis_v3.h">
      <Filter>Machines</Filter>
    </ClInclude>
    <ClInclude Include="Grbl_Esp32\Machines\3axis_v4.h">
      <Filter>Machines</Filter>
    </ClInclude>
    <ClInclude Include="Grbl_Esp32\Machines\3axis_xyx.h">
      <Filter>Machines</Filter>
    </ClInclude>
    <ClInclude Include="Grbl_Esp32\Machines\4axis_external_driver.h">
      <Filter>Machines</Filter>
    </ClInclude>
    <ClInclude Include="Grbl_Esp32\Machines\6_pack_stepstick_v1.h">
      <Filter>Machines</Filter>
    </ClInclude>
    <ClInclude Include="Grbl_Esp32\Machines\6_pack_trinamic_V1.h">
      <Filter>Machines</Filter>
    </ClInclude>
    <ClInclude Include="Grbl_Esp32\Machines\atari_1020.h">
      <Filter>Machines</Filter>
    </ClInclude>
    <ClInclude Include="Grbl_Esp32\Machines\esp32_printer_controller.h">
      <Filter>Machines</Filter>
    </ClInclude>
    <ClInclude Include="Grbl_Esp32\Machines\espduino.h">
      <Filter>Machines</Filter>
    </ClInclude>
    <ClInclude Include="Grbl_Esp32\Machines\foo_6axis.h">
      <Filter>Machines</Filter>
    </ClInclude>
    <ClInclude Include="Grbl_Esp32\Motors\RcServoClass.h">
      <Filter>Motors</Filter>
    </ClInclude>
    <ClInclude Include="Grbl_Esp32\Motors\TrinamicDriverClass.h">
      <Filter>Motors</Filter>
    </ClInclude>
    <ClInclude Include="Grbl_Esp32\Motors\MotorClass.h">
      <Filter>Motors</Filter>
    </ClInclude>
    <ClInclude Include="Grbl_Esp32\Spindles\SpindleClass.h">
      <Filter>Spindles</Filter>
    </ClInclude>
    <ClInclude Include="Grbl_Esp32\servo_axis.h" />
    <ClInclude Include="Grbl_Esp32\settings.h" />
    <ClInclude Include="Grbl_Esp32\SettingsClass.h" />
    <ClInclude Include="Grbl_Esp32\SettingsDefinitions.h" />
    <ClInclude Include="Grbl_Esp32\solenoid_pen.h" />
    <ClInclude Include="Grbl_Esp32\stepper.h" />
    <ClInclude Include="Grbl_Esp32\system.h" />
    <ClInclude Include="Grbl_Esp32\tdef.h" />
    <ClInclude Include="Grbl_Esp32\telnet_server.h" />
    <ClInclude Include="Grbl_Esp32\web_server.h" />
    <ClInclude Include="Grbl_Esp32\WebSettings.h" />
    <ClInclude Include="Grbl_Esp32\wificonfig.h" />
    <ClInclude Include="Grbl_Esp32\wifiservices.h" />
    <ClInclude Include="Grbl_Esp32\authentication.h" />
    <ClInclude Include="Grbl_Esp32\BTconfig.h" />
    <ClInclude Include="Grbl_Esp32\commands.h" />
    <ClInclude Include="Grbl_Esp32\config.h" />
    <ClInclude Include="Grbl_Esp32\coolant_control.h" />
    <ClInclude Include="Grbl_Esp32\cpu_map.h" />
    <ClInclude Include="Grbl_Esp32\defaults.h" />
    <ClInclude Include="Grbl_Esp32\espresponse.h" />
    <ClInclude Include="Grbl_Esp32\gcode.h" />
    <ClInclude Include="Grbl_Esp32\grbl.h" />
    <ClInclude Include="Grbl_Esp32\grbl_eeprom.h" />
    <ClInclude Include="Grbl_Esp32\grbl_limits.h" />
    <ClInclude Include="Grbl_Esp32\grbl_sd.h" />
    <ClInclude Include="Grbl_Esp32\i2s_out.h" />
    <ClInclude Include="Grbl_Esp32\inputbuffer.h" />
    <ClInclude Include="Grbl_Esp32\jog.h" />
    <ClInclude Include="Grbl_Esp32\JSONencoder.h" />
    <ClInclude Include="Grbl_Esp32\machine.h" />
    <ClInclude Include="Grbl_Esp32\machine_common.h" />
    <ClInclude Include="Grbl_Esp32\motion_control.h" />
    <ClInclude Include="Grbl_Esp32\nofile.h" />
    <ClInclude Include="Grbl_Esp32\notifications_service.h" />
    <ClInclude Include="Grbl_Esp32\nuts_bolts.h" />
    <ClInclude Include="Grbl_Esp32\Pins.h" />
    <ClInclude Include="Grbl_Esp32\planner.h" />
    <ClInclude Include="Grbl_Esp32\print.h" />
    <ClInclude Include="Grbl_Esp32\probe.h" />
    <ClInclude Include="Grbl_Esp32\protocol.h" />
    <ClInclude Include="Grbl_Esp32\report.h" />
    <ClInclude Include="Grbl_Esp32\serial.h" />
    <ClInclude Include="Grbl_Esp32\serial2socket.h" />
  </ItemGroup>
  <ItemGroup>
    <ClCompile Include="Grbl_Esp32\Motors\StandardStepperClass.cpp">
      <Filter>Motors</Filter>
    </ClCompile>
    <ClCompile Include="Grbl_Esp32\Motors\TrinamicDriverClass.cpp">
      <Filter>Motors</Filter>
    </ClCompile>
    <ClCompile Include="Grbl_Esp32\Motors\UnipolarMotorClass.cpp">
      <Filter>Motors</Filter>
    </ClCompile>
    <ClCompile Include="Grbl_Esp32\Motors\MotorClass.cpp">
      <Filter>Motors</Filter>
    </ClCompile>
    <ClCompile Include="Grbl_Esp32\Motors\RcServoClass.cpp">
      <Filter>Motors</Filter>
    </ClCompile>
    <ClCompile Include="Grbl_Esp32\Spindles\Laser.cpp">
      <Filter>Spindles</Filter>
    </ClCompile>
    <ClCompile Include="Grbl_Esp32\Spindles\NullSpindle.cpp">
      <Filter>Spindles</Filter>
    </ClCompile>
    <ClCompile Include="Grbl_Esp32\Spindles\PWMSpindle.cpp">
      <Filter>Spindles</Filter>
    </ClCompile>
    <ClCompile Include="Grbl_Esp32\Spindles\RelaySpindle.cpp">
      <Filter>Spindles</Filter>
    </ClCompile>
    <ClCompile Include="Grbl_Esp32\Spindles\SpindleClass.cpp">
      <Filter>Spindles</Filter>
    </ClCompile>
    <ClCompile Include="Grbl_Esp32\Spindles\10vSpindle.cpp">
      <Filter>Spindles</Filter>
    </ClCompile>
    <ClCompile Include="Grbl_Esp32\Spindles\BESCSpindle.cpp">
      <Filter>Spindles</Filter>
    </ClCompile>
    <ClCompile Include="Grbl_Esp32\Spindles\DacSpindle.cpp">
      <Filter>Spindles</Filter>
    </ClCompile>
    <ClCompile Include="Grbl_Esp32\Spindles\HuanyangSpindle.cpp">
      <Filter>Spindles</Filter>
    </ClCompile>
    <ClCompile Include="Grbl_Esp32\settings.cpp" />
    <ClCompile Include="Grbl_Esp32\SettingsClass.cpp" />
    <ClCompile Include="Grbl_Esp32\SettingsDefinitions.cpp" />
    <ClCompile Include="Grbl_Esp32\solenoid_pen.cpp" />
    <ClCompile Include="Grbl_Esp32\stepper.cpp" />
    <ClCompile Include="Grbl_Esp32\system.cpp" />
    <ClCompile Include="Grbl_Esp32\telnet_server.cpp" />
    <ClCompile Include="Grbl_Esp32\web_server.cpp" />
    <ClCompile Include="Grbl_Esp32\WebSettings.cpp" />
    <ClCompile Include="Grbl_Esp32\wificonfig.cpp" />
    <ClCompile Include="Grbl_Esp32\wifiservices.cpp" />
    <ClCompile Include="Grbl_Esp32\authentication.cpp" />
    <ClCompile Include="Grbl_Esp32\BTconfig.cpp" />
    <ClCompile Include="Grbl_Esp32\commands.cpp" />
    <ClCompile Include="Grbl_Esp32\coolant_control.cpp" />
    <ClCompile Include="Grbl_Esp32\custom_code.cpp" />
    <ClCompile Include="Grbl_Esp32\espresponse.cpp" />
    <ClCompile Include="Grbl_Esp32\gcode.cpp" />
    <ClCompile Include="Grbl_Esp32\grbl_eeprom.cpp" />
    <ClCompile Include="Grbl_Esp32\grbl_limits.cpp" />
    <ClCompile Include="Grbl_Esp32\grbl_sd.cpp" />
    <ClCompile Include="Grbl_Esp32\i2s_out.cpp" />
    <ClCompile Include="Grbl_Esp32\inputbuffer.cpp" />
    <ClCompile Include="Grbl_Esp32\jog.cpp" />
    <ClCompile Include="Grbl_Esp32\JSONencoder.cpp" />
    <ClCompile Include="Grbl_Esp32\motion_control.cpp" />
    <ClCompile Include="Grbl_Esp32\notifications_service.cpp" />
    <ClCompile Include="Grbl_Esp32\nuts_bolts.cpp" />
    <ClCompile Include="Grbl_Esp32\Pins.cpp" />
    <ClCompile Include="Grbl_Esp32\planner.cpp" />
    <ClCompile Include="Grbl_Esp32\print.cpp" />
    <ClCompile Include="Grbl_Esp32\probe.cpp" />
    <ClCompile Include="Grbl_Esp32\ProcessSettings.cpp" />
    <ClCompile Include="Grbl_Esp32\protocol.cpp" />
    <ClCompile Include="Grbl_Esp32\report.cpp" />
    <ClCompile Include="Grbl_Esp32\serial.cpp" />
    <ClCompile Include="Grbl_Esp32\serial2socket.cpp" />
    <ClCompile Include="Grbl_Esp32\servo_axis.cpp" />
  </ItemGroup>
  <ItemGroup>
    <None Include="Grbl_Esp32\Grbl_Esp32.ino" />
  </ItemGroup>
</Project>